{
  "name": "js-type-check-loader",
  "version": "1.0.0",
  "lockfileVersion": 1,
  "requires": true,
  "dependencies": {
    "abstract-syntax-tree": {
      "version": "2.3.0",
      "resolved": "https://registry.npmjs.org/abstract-syntax-tree/-/abstract-syntax-tree-2.3.0.tgz",
      "integrity": "sha512-uO6ep7CLLDMiV6HLMgguHtY/QtFuKg9REDIy1LZw2+WtDTixF8XDwYkKHnNhJ7e8QSxS4rc/Qv0644gYMt6EXA==",
      "requires": {
        "astring": "^1.3.0",
        "cherow": "^1.6.9",
        "comparify": "^0.2.0",
        "esquery": "^1.0.1",
        "estemplate": "^0.5.1",
        "estraverse": "^4.2.0",
        "source-map": "^0.7.2",
        "to-ast": "^1.0.0"
      }
    },
    "ast-types": {
      "version": "0.7.8",
      "resolved": "https://registry.npmjs.org/ast-types/-/ast-types-0.7.8.tgz",
      "integrity": "sha1-kC0uDWDQcb3NRtwRXhgJ7RHBOKk="
    },
    "astring": {
      "version": "1.4.0",
      "resolved": "https://registry.npmjs.org/astring/-/astring-1.4.0.tgz",
      "integrity": "sha512-mk4x+B6yYSLp4c8jZhLtb8B6DzLRaACJI7VT69hpgZlQgUD58sKXRggPmr8h+/v5opjo+TvD6gCoSjLXB1/a/Q=="
    },
    "big.js": {
      "version": "5.2.2",
      "resolved": "https://registry.npmjs.org/big.js/-/big.js-5.2.2.tgz",
      "integrity": "sha512-vyL2OymJxmarO8gxMr0mhChsO9QGwhynfuu4+MHTAW6czfq9humCB7rKpUjDd9YUiDPU4mzpyupFSvOClAwbmQ=="
    },
    "cherow": {
      "version": "1.6.9",
      "resolved": "https://registry.npmjs.org/cherow/-/cherow-1.6.9.tgz",
      "integrity": "sha512-pmmkpIQRcnDA7EawKcg9+ncSZNTYfXqDx+K3oqqYvpZlqVBChjTomTfw+hePnkqYR3Y013818c0R1Q5P/7PGrQ=="
    },
    "comparify": {
      "version": "0.2.0",
      "resolved": "https://registry.npmjs.org/comparify/-/comparify-0.2.0.tgz",
      "integrity": "sha1-wf1qoeHfIiu/ELC78XGYOX5wxm0="
    },
    "emojis-list": {
      "version": "2.1.0",
      "resolved": "https://registry.npmjs.org/emojis-list/-/emojis-list-2.1.0.tgz",
      "integrity": "sha1-TapNnbAPmBmIDHn6RXrlsJof04k="
    },
    "esprima": {
      "version": "2.7.3",
      "resolved": "https://registry.npmjs.org/esprima/-/esprima-2.7.3.tgz",
      "integrity": "sha1-luO3DVd59q1JzQMmc9HDEnZ7pYE="
    },
    "esquery": {
      "version": "1.0.1",
      "resolved": "https://registry.npmjs.org/esquery/-/esquery-1.0.1.tgz",
      "integrity": "sha512-SmiyZ5zIWH9VM+SRUReLS5Q8a7GxtRdxEBVZpm98rJM7Sb+A9DVCndXfkeFUd3byderg+EbDkfnevfCwynWaNA==",
      "requires": {
        "estraverse": "^4.0.0"
      }
    },
    "estemplate": {
      "version": "0.5.1",
      "resolved": "https://registry.npmjs.org/estemplate/-/estemplate-0.5.1.tgz",
      "integrity": "sha1-FxSp1GGQc4rJWLyv1J4CnNpWo54=",
      "requires": {
        "esprima": "^2.7.2",
        "estraverse": "^4.1.1"
      }
    },
    "estraverse": {
      "version": "4.2.0",
      "resolved": "https://registry.npmjs.org/estraverse/-/estraverse-4.2.0.tgz",
      "integrity": "sha1-De4/7TH81GlhjOc0IJn8GvoL2xM="
    },
    "json5": {
      "version": "1.0.1",
      "resolved": "https://registry.npmjs.org/json5/-/json5-1.0.1.tgz",
      "integrity": "sha512-aKS4WQjPenRxiQsC93MNfjx+nbF4PAdYzmd/1JIj8HYzqfbu86beTuNgXDzPknWk0n0uARlyewZo4s++ES36Ow==",
      "requires": {
        "minimist": "^1.2.0"
      }
    },
    "loader-utils": {
      "version": "1.2.3",
      "resolved": "https://registry.npmjs.org/loader-utils/-/loader-utils-1.2.3.tgz",
      "integrity": "sha512-fkpz8ejdnEMG3s37wGL07iSBDg99O9D5yflE9RGNH3hRdx9SOwYfnGYdZOUIZitN8E+E2vkq3MUMYMvPYl5ZZA==",
      "requires": {
        "big.js": "^5.2.2",
        "emojis-list": "^2.0.0",
        "json5": "^1.0.1"
      }
    },
    "lodash": {
      "version": "4.17.21",
      "resolved": "https://registry.npmjs.org/lodash/-/lodash-4.17.21.tgz",
      "integrity": "sha512-v2kDEe57lecTulaDIuNTPy3Ry4gLGJ6Z1O3vE1krgXZNrsQ+LFTGHVxVjcXPs17LhbZVGedAJv8XZ1tvj5FvSg=="
    },
    "minimist": {
      "version": "1.2.0",
      "resolved": "https://registry.npmjs.org/minimist/-/minimist-1.2.0.tgz",
      "integrity": "sha1-o1AIsg9BOD7sH7kU9M1d95omQoQ="
    },
    "source-map": {
      "version": "0.7.3",
      "resolved": "https://registry.npmjs.org/source-map/-/source-map-0.7.3.tgz",
      "integrity": "sha512-CkCj6giN3S+n9qrYiBTX5gystlENnRW5jZeNLHpe6aue+SrHcG5VYwujhW9s4dY31mEGsxBDrHR6oI69fTXsaQ=="
    },
    "to-ast": {
      "version": "1.0.0",
      "resolved": "https://registry.npmjs.org/to-ast/-/to-ast-1.0.0.tgz",
      "integrity": "sha1-DEoxyMmO396arwGSx5S0yLEe4oc=",
      "requires": {
        "ast-types": "^0.7.2",
        "esprima": "^2.1.0"
      }
    }
  }
}
